// !$*UTF8*$!
{
	archiveVersion = 1;
	classes = {
	};
	objectVersion = 46;
	objects = {

/* Begin PBXBuildFile section */
		D3717A64198FED1800D94A34 /* Foundation.framework in Frameworks */ = {isa = PBXBuildFile; fileRef = D3717A63198FED1800D94A34 /* Foundation.framework */; };
		D3717A66198FED1800D94A34 /* CoreGraphics.framework in Frameworks */ = {isa = PBXBuildFile; fileRef = D3717A65198FED1800D94A34 /* CoreGraphics.framework */; };
		D3717A68198FED1800D94A34 /* UIKit.framework in Frameworks */ = {isa = PBXBuildFile; fileRef = D3717A67198FED1800D94A34 /* UIKit.framework */; };
		D3717A6E198FED1800D94A34 /* InfoPlist.strings in Resources */ = {isa = PBXBuildFile; fileRef = D3717A6C198FED1800D94A34 /* InfoPlist.strings */; };
		D3717A70198FED1800D94A34 /* main.m in Sources */ = {isa = PBXBuildFile; fileRef = D3717A6F198FED1800D94A34 /* main.m */; };
		D3717A74198FED1800D94A34 /* LYAppDelegate.m in Sources */ = {isa = PBXBuildFile; fileRef = D3717A73198FED1800D94A34 /* LYAppDelegate.m */; };
		D3717A77198FED1800D94A34 /* Main.storyboard in Resources */ = {isa = PBXBuildFile; fileRef = D3717A75198FED1800D94A34 /* Main.storyboard */; };
		D3717A7A198FED1800D94A34 /* LYViewController.m in Sources */ = {isa = PBXBuildFile; fileRef = D3717A79198FED1800D94A34 /* LYViewController.m */; };
		D3717A7C198FED1800D94A34 /* Images.xcassets in Resources */ = {isa = PBXBuildFile; fileRef = D3717A7B198FED1800D94A34 /* Images.xcassets */; };
		D3717A83198FED1800D94A34 /* XCTest.framework in Frameworks */ = {isa = PBXBuildFile; fileRef = D3717A82198FED1800D94A34 /* XCTest.framework */; };
		D3717A84198FED1800D94A34 /* Foundation.framework in Frameworks */ = {isa = PBXBuildFile; fileRef = D3717A63198FED1800D94A34 /* Foundation.framework */; };
		D3717A85198FED1800D94A34 /* UIKit.framework in Frameworks */ = {isa = PBXBuildFile; fileRef = D3717A67198FED1800D94A34 /* UIKit.framework */; };
		D3717A8D198FED1800D94A34 /* InfoPlist.strings in Resources */ = {isa = PBXBuildFile; fileRef = D3717A8B198FED1800D94A34 /* InfoPlist.strings */; };
		D3717A8F198FED1800D94A34 /* FurtunatorTests.m in Sources */ = {isa = PBXBuildFile; fileRef = D3717A8E198FED1800D94A34 /* FurtunatorTests.m */; };
/* End PBXBuildFile section */

/* Begin PBXContainerItemProxy section */
		D3717A86198FED1800D94A34 /* PBXContainerItemProxy */ = {
			isa = PBXContainerItemProxy;
			containerPortal = D3717A58198FED1800D94A34 /* Project object */;
			proxyType = 1;
			remoteGlobalIDString = D3717A5F198FED1800D94A34;
			remoteInfo = Furtunator;
		};
/* End PBXContainerItemProxy section */

/* Begin PBXFileReference section */
		D3717A60198FED1800D94A34 /* Furtunator.app */ = {isa = PBXFileReference; explicitFileType = wrapper.application; includeInIndex = 0; path = Furtunator.app; sourceTree = BUILT_PRODUCTS_DIR; };
		D3717A63198FED1800D94A34 /* Foundation.framework */ = {isa = PBXFileReference; lastKnownFileType = wrapper.framework; name = Foundation.framework; path = System/Library/Frameworks/Foundation.framework; sourceTree = SDKROOT; };
		D3717A65198FED1800D94A34 /* CoreGraphics.framework */ = {isa = PBXFileReference; lastKnownFileType = wrapper.framework; name = CoreGraphics.framework; path = System/Library/Frameworks/CoreGraphics.framework; sourceTree = SDKROOT; };
		D3717A67198FED1800D94A34 /* UIKit.framework */ = {isa = PBXFileReference; lastKnownFileType = wrapper.framework; name = UIKit.framework; path = System/Library/Frameworks/UIKit.framework; sourceTree = SDKROOT; };
		D3717A6B198FED1800D94A34 /* Furtunator-Info.plist */ = {isa = PBXFileReference; lastKnownFileType = text.plist.xml; path = "Furtunator-Info.plist"; sourceTree = "<group>"; };
		D3717A6D198FED1800D94A34 /* en */ = {isa = PBXFileReference; lastKnownFileType = text.plist.strings; name = en; path = en.lproj/InfoPlist.strings; sourceTree = "<group>"; };
		D3717A6F198FED1800D94A34 /* main.m */ = {isa = PBXFileReference; lastKnownFileType = sourcecode.c.objc; path = main.m; sourceTree = "<group>"; };
		D3717A71198FED1800D94A34 /* Furtunator-Prefix.pch */ = {isa = PBXFileReference; lastKnownFileType = sourcecode.c.h; path = "Furtunator-Prefix.pch"; sourceTree = "<group>"; };
		D3717A72198FED1800D94A34 /* LYAppDelegate.h */ = {isa = PBXFileReference; lastKnownFileType = sourcecode.c.h; path = LYAppDelegate.h; sourceTree = "<group>"; };
		D3717A73198FED1800D94A34 /* LYAppDelegate.m */ = {isa = PBXFileReference; lastKnownFileType = sourcecode.c.objc; path = LYAppDelegate.m; sourceTree = "<group>"; };
		D3717A76198FED1800D94A34 /* Base */ = {isa = PBXFileReference; lastKnownFileType = file.storyboard; name = Base; path = Base.lproj/Main.storyboard; sourceTree = "<group>"; };
		D3717A78198FED1800D94A34 /* LYViewController.h */ = {isa = PBXFileReference; lastKnownFileType = sourcecode.c.h; path = LYViewController.h; sourceTree = "<group>"; };
		D3717A79198FED1800D94A34 /* LYViewController.m */ = {isa = PBXFileReference; lastKnownFileType = sourcecode.c.objc; path = LYViewController.m; sourceTree = "<group>"; };
		D3717A7B198FED1800D94A34 /* Images.xcassets */ = {isa = PBXFileReference; lastKnownFileType = folder.assetcatalog; path = Images.xcassets; sourceTree = "<group>"; };
		D3717A81198FED1800D94A34 /* FurtunatorTests.xctest */ = {isa = PBXFileReference; explicitFileType = wrapper.cfbundle; includeInIndex = 0; path = FurtunatorTests.xctest; sourceTree = BUILT_PRODUCTS_DIR; };
		D3717A82198FED1800D94A34 /* XCTest.framework */ = {isa = PBXFileReference; lastKnownFileType = wrapper.framework; name = XCTest.framework; path = Library/Frameworks/XCTest.framework; sourceTree = DEVELOPER_DIR; };
		D3717A8A198FED1800D94A34 /* FurtunatorTests-Info.plist */ = {isa = PBXFileReference; lastKnownFileType = text.plist.xml; path = "FurtunatorTests-Info.plist"; sourceTree = "<group>"; };
		D3717A8C198FED1800D94A34 /* en */ = {isa = PBXFileReference; lastKnownFileType = text.plist.strings; name = en; path = en.lproj/InfoPlist.strings; sourceTree = "<group>"; };
		D3717A8E198FED1800D94A34 /* FurtunatorTests.m */ = {isa = PBXFileReference; lastKnownFileType = sourcecode.c.objc; path = FurtunatorTests.m; sourceTree = "<group>"; };
/* End PBXFileReference section */

/* Begin PBXFrameworksBuildPhase section */
		D3717A5D198FED1800D94A34 /* Frameworks */ = {
			isa = PBXFrameworksBuildPhase;
			buildActionMask = 2147483647;
			files = (
				D3717A66198FED1800D94A34 /* CoreGraphics.framework in Frameworks */,
				D3717A68198FED1800D94A34 /* UIKit.framework in Frameworks */,
				D3717A64198FED1800D94A34 /* Foundation.framework in Frameworks */,
			);
			runOnlyForDeploymentPostprocessing = 0;
		};
		D3717A7E198FED1800D94A34 /* Frameworks */ = {
			isa = PBXFrameworksBuildPhase;
			buildActionMask = 2147483647;
			files = (
				D3717A83198FED1800D94A34 /* XCTest.framework in Frameworks */,
				D3717A85198FED1800D94A34 /* UIKit.framework in Frameworks */,
				D3717A84198FED1800D94A34 /* Foundation.framework in Frameworks */,
			);
			runOnlyForDeploymentPostprocessing = 0;
		};
/* End PBXFrameworksBuildPhase section */

/* Begin PBXGroup section */
		D3717A57198FED1800D94A34 = {
			isa = PBXGroup;
			children = (
				D3717A69198FED1800D94A34 /* Furtunator */,
				D3717A88198FED1800D94A34 /* FurtunatorTests */,
				D3717A62198FED1800D94A34 /* Frameworks */,
				D3717A61198FED1800D94A34 /* Products */,
			);
			sourceTree = "<group>";
		};
		D3717A61198FED1800D94A34 /* Products */ = {
			isa = PBXGroup;
			children = (
				D3717A60198FED1800D94A34 /* Furtunator.app */,
				D3717A81198FED1800D94A34 /* FurtunatorTests.xctest */,
			);
			name = Products;
			sourceTree = "<group>";
		};
		D3717A62198FED1800D94A34 /* Frameworks */ = {
			isa = PBXGroup;
			children = (
				D3717A63198FED1800D94A34 /* Foundation.framework */,
				D3717A65198FED1800D94A34 /* CoreGraphics.framework */,
				D3717A67198FED1800D94A34 /* UIKit.framework */,
				D3717A82198FED1800D94A34 /* XCTest.framework */,
			);
			name = Frameworks;
			sourceTree = "<group>";
		};
		D3717A69198FED1800D94A34 /* Furtunator */ = {
			isa = PBXGroup;
			children = (
				D3717A75198FED1800D94A34 /* Main.storyboard */,
				D3717A78198FED1800D94A34 /* LYViewController.h */,
				D3717A79198FED1800D94A34 /* LYViewController.m */,
				D3717A7B198FED1800D94A34 /* Images.xcassets */,
				D3717A6A198FED1800D94A34 /* Supporting Files */,
			);
			path = Furtunator;
			sourceTree = "<group>";
		};
		D3717A6A198FED1800D94A34 /* Supporting Files */ = {
			isa = PBXGroup;
			children = (
				D3717A72198FED1800D94A34 /* LYAppDelegate.h */,
				D3717A73198FED1800D94A34 /* LYAppDelegate.m */,
				D3717A6B198FED1800D94A34 /* Furtunator-Info.plist */,
				D3717A6C198FED1800D94A34 /* InfoPlist.strings */,
				D3717A6F198FED1800D94A34 /* main.m */,
				D3717A71198FED1800D94A34 /* Furtunator-Prefix.pch */,
			);
			name = "Supporting Files";
			sourceTree = "<group>";
		};
		D3717A88198FED1800D94A34 /* FurtunatorTests */ = {
			isa = PBXGroup;
			children = (
				D3717A8E198FED1800D94A34 /* FurtunatorTests.m */,
				D3717A89198FED1800D94A34 /* Supporting Files */,
			);
			path = FurtunatorTests;
			sourceTree = "<group>";
		};
		D3717A89198FED1800D94A34 /* Supporting Files */ = {
			isa = PBXGroup;
			children = (
				D3717A8A198FED1800D94A34 /* FurtunatorTests-Info.plist */,
				D3717A8B198FED1800D94A34 /* InfoPlist.strings */,
			);
			name = "Supporting Files";
			sourceTree = "<group>";
		};
/* End PBXGroup section */

/* Begin PBXNativeTarget section */
		D3717A5F198FED1800D94A34 /* Furtunator */ = {
			isa = PBXNativeTarget;
			buildConfigurationList = D3717A92198FED1800D94A34 /* Build configuration list for PBXNativeTarget "Furtunator" */;
			buildPhases = (
				D3717A5C198FED1800D94A34 /* Sources */,
				D3717A5D198FED1800D94A34 /* Frameworks */,
				D3717A5E198FED1800D94A34 /* Resources */,
			);
			buildRules = (
			);
			dependencies = (
			);
			name = Furtunator;
			productName = Furtunator;
			productReference = D3717A60198FED1800D94A34 /* Furtunator.app */;
			productType = "com.apple.product-type.application";
		};
		D3717A80198FED1800D94A34 /* FurtunatorTests */ = {
			isa = PBXNativeTarget;
			buildConfigurationList = D3717A95198FED1800D94A34 /* Build configuration list for PBXNativeTarget "FurtunatorTests" */;
			buildPhases = (
				D3717A7D198FED1800D94A34 /* Sources */,
				D3717A7E198FED1800D94A34 /* Frameworks */,
				D3717A7F198FED1800D94A34 /* Resources */,
			);
			buildRules = (
			);
			dependencies = (
				D3717A87198FED1800D94A34 /* PBXTargetDependency */,
			);
			name = FurtunatorTests;
			productName = FurtunatorTests;
			productReference = D3717A81198FED1800D94A34 /* FurtunatorTests.xctest */;
			productType = "com.apple.product-type.bundle.unit-test";
		};
/* End PBXNativeTarget section */

/* Begin PBXProject section */
		D3717A58198FED1800D94A34 /* Project object */ = {
			isa = PBXProject;
			attributes = {
				CLASSPREFIX = LY;
				LastUpgradeCheck = 0510;
				ORGANIZATIONNAME = "Lauren Yeiser";
				TargetAttributes = {
					D3717A80198FED1800D94A34 = {
						TestTargetID = D3717A5F198FED1800D94A34;
					};
				};
			};
			buildConfigurationList = D3717A5B198FED1800D94A34 /* Build configuration list for PBXProject "Furtunator" */;
			compatibilityVersion = "Xcode 3.2";
			developmentRegion = English;
			hasScannedForEncodings = 0;
			knownRegions = (
				en,
				Base,
			);
			mainGroup = D3717A57198FED1800D94A34;
			productRefGroup = D3717A61198FED1800D94A34 /* Products */;
			projectDirPath = "";
			projectRoot = "";
			targets = (
				D3717A5F198FED1800D94A34 /* Furtunator */,
				D3717A80198FED1800D94A34 /* FurtunatorTests */,
			);
		};
/* End PBXProject section */

/* Begin PBXResourcesBuildPhase section */
		D3717A5E198FED1800D94A34 /* Resources */ = {
			isa = PBXResourcesBuildPhase;
			buildActionMask = 2147483647;
			files = (
				D3717A7C198FED1800D94A34 /* Images.xcassets in Resources */,
				D3717A6E198FED1800D94A34 /* InfoPlist.strings in Resources */,
				D3717A77198FED1800D94A34 /* Main.storyboard in Resources */,
			);
			runOnlyForDeploymentPostprocessing = 0;
		};
		D3717A7F198FED1800D94A34 /* Resources */ = {
			isa = PBXResourcesBuildPhase;
			buildActionMask = 2147483647;
			files = (
				D3717A8D198FED1800D94A34 /* InfoPlist.strings in Resources */,
			);
			runOnlyForDeploymentPostprocessing = 0;
		};
/* End PBXResourcesBuildPhase section */

/* Begin PBXSourcesBuildPhase section */
		D3717A5C198FED1800D94A34 /* Sources */ = {
			isa = PBXSourcesBuildPhase;
			buildActionMask = 2147483647;
			files = (
				D3717A70198FED1800D94A34 /* main.m in Sources */,
				D3717A74198FED1800D94A34 /* LYAppDelegate.m in Sources */,
				D3717A7A198FED1800D94A34 /* LYViewController.m in Sources */,
			);
			runOnlyForDeploymentPostprocessing = 0;
		};
		D3717A7D198FED1800D94A34 /* Sources */ = {
			isa = PBXSourcesBuildPhase;
			buildActionMask = 2147483647;
			files = (
				D3717A8F198FED1800D94A34 /* FurtunatorTests.m in Sources */,
			);
			runOnlyForDeploymentPostprocessing = 0;
		};
/* End PBXSourcesBuildPhase section */

/* Begin PBXTargetDependency section */
		D3717A87198FED1800D94A34 /* PBXTargetDependency */ = {
			isa = PBXTargetDependency;
			target = D3717A5F198FED1800D94A34 /* Furtunator */;
			targetProxy = D3717A86198FED1800D94A34 /* PBXContainerItemProxy */;
		};
/* End PBXTargetDependency section */

/* Begin PBXVariantGroup section */
		D3717A6C198FED1800D94A34 /* InfoPlist.strings */ = {
			isa = PBXVariantGroup;
			children = (
				D3717A6D198FED1800D94A34 /* en */,
			);
			name = InfoPlist.strings;
			sourceTree = "<group>";
		};
		D3717A75198FED1800D94A34 /* Main.storyboard */ = {
			isa = PBXVariantGroup;
			children = (
				D3717A76198FED1800D94A34 /* Base */,
			);
			name = Main.storyboard;
			sourceTree = "<group>";
		};
		D3717A8B198FED1800D94A34 /* InfoPlist.strings */ = {
			isa = PBXVariantGroup;
			children = (
				D3717A8C198FED1800D94A34 /* en */,
			);
			name = InfoPlist.strings;
			sourceTree = "<group>";
		};
/* End PBXVariantGroup section */

/* Begin XCBuildConfiguration section */
		D3717A90198FED1800D94A34 /* Debug */ = {
			isa = XCBuildConfiguration;
			buildSettings = {
				ALWAYS_SEARCH_USER_PATHS = NO;
				CLANG_CXX_LANGUAGE_STANDARD = "gnu++0x";
				CLANG_CXX_LIBRARY = "libc++";
				CLANG_ENABLE_MODULES = YES;
				CLANG_ENABLE_OBJC_ARC = YES;
				CLANG_WARN_BOOL_CONVERSION = YES;
				CLANG_WARN_CONSTANT_CONVERSION = YES;
				CLANG_WARN_DIRECT_OBJC_ISA_USAGE = YES_ERROR;
				CLANG_WARN_EMPTY_BODY = YES;
				CLANG_WARN_ENUM_CONVERSION = YES;
				CLANG_WARN_INT_CONVERSION = YES;
				CLANG_WARN_OBJC_ROOT_CLASS = YES_ERROR;
				CLANG_WARN__DUPLICATE_METHOD_MATCH = YES;
				"CODE_SIGN_IDENTITY[sdk=iphoneos*]" = "iPhone Developer";
				COPY_PHASE_STRIP = NO;
				GCC_C_LANGUAGE_STANDARD = gnu99;
				GCC_DYNAMIC_NO_PIC = NO;
				GCC_OPTIMIZATION_LEVEL = 0;
				GCC_PREPROCESSOR_DEFINITIONS = (
					"DEBUG=1",
					"$(inherited)",
				);
				GCC_SYMBOLS_PRIVATE_EXTERN = NO;
				GCC_WARN_64_TO_32_BIT_CONVERSION = YES;
				GCC_WARN_ABOUT_RETURN_TYPE = YES_ERROR;
				GCC_WARN_UNDECLARED_SELECTOR = YES;
				GCC_WARN_UNINITIALIZED_AUTOS = YES_AGGRESSIVE;
				GCC_WARN_UNUSED_FUNCTION = YES;
				GCC_WARN_UNUSED_VARIABLE = YES;
				IPHONEOS_DEPLOYMENT_TARGET = 7.1;
				ONLY_ACTIVE_ARCH = YES;
				SDKROOT = iphoneos;
			};
			name = Debug;
		};
		D3717A91198FED1800D94A34 /* Release */ = {
			isa = XCBuildConfiguration;
			buildSettings = {
				ALWAYS_SEARCH_USER_PATHS = NO;
				CLANG_CXX_LANGUAGE_STANDARD = "gnu++0x";
				CLANG_CXX_LIBRARY = "libc++";
				CLANG_ENABLE_MODULES = YES;
				CLANG_ENABLE_OBJC_ARC = YES;
				CLANG_WARN_BOOL_CONVERSION = YES;
				CLANG_WARN_CONSTANT_CONVERSION = YES;
				CLANG_WARN_DIRECT_OBJC_ISA_USAGE = YES_ERROR;
				CLANG_WARN_EMPTY_BODY = YES;
				CLANG_WARN_ENUM_CONVERSION = YES;
				CLANG_WARN_INT_CONVERSION = YES;
				CLANG_WARN_OBJC_ROOT_CLASS = YES_ERROR;
				CLANG_WARN__DUPLICATE_METHOD_MATCH = YES;
				"CODE_SIGN_IDENTITY[sdk=iphoneos*]" = "iPhone Developer";
				COPY_PHASE_STRIP = YES;
				ENABLE_NS_ASSERTIONS = NO;
				GCC_C_LANGUAGE_STANDARD = gnu99;
				GCC_WARN_64_TO_32_BIT_CONVERSION = YES;
				GCC_WARN_ABOUT_RETURN_TYPE = YES_ERROR;
				GCC_WARN_UNDECLARED_SELECTOR = YES;
				GCC_WARN_UNINITIALIZED_AUTOS = YES_AGGRESSIVE;
				GCC_WARN_UNUSED_FUNCTION = YES;
				GCC_WARN_UNUSED_VARIABLE = YES;
				IPHONEOS_DEPLOYMENT_TARGET = 7.1;
				SDKROOT = iphoneos;
				VALIDATE_PRODUCT = YES;
			};
			name = Release;
		};
		D3717A93198FED1800D94A34 /* Debug */ = {
			isa = XCBuildConfiguration;
			buildSettings = {
				ASSETCATALOG_COMPILER_APPICON_NAME = AppIcon;
				ASSETCATALOG_COMPILER_LAUNCHIMAGE_NAME = LaunchImage;
				GCC_PRECOMPILE_PREFIX_HEADER = YES;
				GCC_PREFIX_HEADER = "Furtunator/Furtunator-Prefix.pch";
				INFOPLIST_FILE = "Furtunator/Furtunator-Info.plist";
				PRODUCT_NAME = "$(TARGET_NAME)";
				WRAPPER_EXTENSION = app;
			};
			name = Debug;
		};
		D3717A94198FED1800D94A34 /* Release */ = {
			isa = XCBuildConfiguration;
			buildSettings = {
				ASSETCATALOG_COMPILER_APPICON_NAME = AppIcon;
				ASSETCATALOG_COMPILER_LAUNCHIMAGE_NAME = LaunchImage;
				GCC_PRECOMPILE_PREFIX_HEADER = YES;
				GCC_PREFIX_HEADER = "Furtunator/Furtunator-Prefix.pch";
				INFOPLIST_FILE = "Furtunator/Furtunator-Info.plist";
				PRODUCT_NAME = "$(TARGET_NAME)";
				WRAPPER_EXTENSION = app;
			};
			name = Release;
		};
		D3717A96198FED1800D94A34 /* Debug */ = {
			isa = XCBuildConfiguration;
			buildSettings = {
				BUNDLE_LOADER = "$(BUILT_PRODUCTS_DIR)/Furtunator.app/Furtunator";
				FRAMEWORK_SEARCH_PATHS = (
					"$(SDKROOT)/Developer/Library/Frameworks",
					"$(inherited)",
					"$(DEVELOPER_FRAMEWORKS_DIR)",
				);
				GCC_PRECOMPILE_PREFIX_HEADER = YES;
				GCC_PREFIX_HEADER = "Furtunator/Furtunator-Prefix.pch";
				GCC_PREPROCESSOR_DEFINITIONS = (
					"DEBUG=1",
					"$(inherited)",
				);
				INFOPLIST_FILE = "FurtunatorTests/FurtunatorTests-Info.plist";
				PRODUCT_NAME = "$(TARGET_NAME)";
				TEST_HOST = "$(BUNDLE_LOADER)";
				WRAPPER_EXTENSION = xctest;
			};
			name = Debug;
		};
		D3717A97198FED1800D94A34 /* Release */ = {
			isa = XCBuildConfiguration;
			buildSettings = {
				BUNDLE_LOADER = "$(BUILT_PRODUCTS_DIR)/Furtunator.app/Furtunator";
				FRAMEWORK_SEARCH_PATHS = (
					"$(SDKROOT)/Developer/Library/Frameworks",
					"$(inherited)",
					"$(DEVELOPER_FRAMEWORKS_DIR)",
				);
				GCC_PRECOMPILE_PREFIX_HEADER = YES;
				GCC_PREFIX_HEADER = "Furtunator/Furtunator-Prefix.pch";
				INFOPLIST_FILE = "FurtunatorTests/FurtunatorTests-Info.plist";
				PRODUCT_NAME = "$(TARGET_NAME)";
				TEST_HOST = "$(BUNDLE_LOADER)";
				WRAPPER_EXTENSION = xctest;
			};
			name = Release;
		};
/* End XCBuildConfiguration section */

/* Begin XCConfigurationList section */
		D3717A5B198FED1800D94A34 /* Build configuration list for PBXProject "Furtunator" */ = {
			isa = XCConfigurationList;
			buildConfigurations = (
				D3717A90198FED1800D94A34 /* Debug */,
				D3717A91198FED1800D94A34 /* Release */,
			);
			defaultConfigurationIsVisible = 0;
			defaultConfigurationName = Release;
		};
		D3717A92198FED1800D94A34 /* Build configuration list for PBXNativeTarget "Furtunator" */ = {
			isa = XCConfigurationList;
			buildConfigurations = (
				D3717A93198FED1800D94A34 /* Debug */,
				D3717A94198FED1800D94A34 /* Release */,
			);
			defaultConfigurationIsVisible = 0;
		};
		D3717A95198FED1800D94A34 /* Build configuration list for PBXNativeTarget "FurtunatorTests" */ = {
			isa = XCConfigurationList;
			buildConfigurations = (
				D3717A96198FED1800D94A34 /* Debug */,
				D3717A97198FED1800D94A34 /* Release */,
			);
			defaultConfigurationIsVisible = 0;
		};
/* End XCConfigurationList section */
	};
	rootObject = D3717A58198FED1800D94A34 /* Project object */;
}
